
Microsoft Visual Studio Solution File, Format Version 12.00
# Visual Studio Version 17
VisualStudioVersion = 17.0.31903.59
MinimumVisualStudioVersion = 10.0.40219.1
Project("{FAE04EC0-301F-11D3-BF4B-00C04F79EFBC}") = "Consumer", "Consumer\Consumer.csproj", "{87480834-C3A1-42EA-B3C1-23AFBC05C6FE}"
EndProject
Project("{FAE04EC0-301F-11D3-BF4B-00C04F79EFBC}") = "Producer", "Producer\Producer.csproj", "{94FBA598-6750-4A08-A5C1-B650E5A9F654}"
EndProject
Global
	GlobalSection(SolutionConfigurationPlatforms) = preSolution
		Debug|Any CPU = Debug|Any CPU
		Release|Any CPU = Release|Any CPU
	EndGlobalSection
	GlobalSection(SolutionProperties) = preSolution
		HideSolutionNode = FALSE
	EndGlobalSection
	GlobalSection(ProjectConfigurationPlatforms) = postSolution
		{87480834-C3A1-42EA-B3C1-23AFBC05C6FE}.Debug|Any CPU.ActiveCfg = Debug|Any CPU
		{87480834-C3A1-42EA-B3C1-23AFBC05C6FE}.Debug|Any CPU.Build.0 = Debug|Any CPU
		{87480834-C3A1-42EA-B3C1-23AFBC05C6FE}.Release|Any CPU.ActiveCfg = Release|Any CPU
		{87480834-C3A1-42EA-B3C1-23AFBC05C6FE}.Release|Any CPU.Build.0 = Release|Any CPU
		{94FBA598-6750-4A08-A5C1-B650E5A9F654}.Debug|Any CPU.ActiveCfg = Debug|Any CPU
		{94FBA598-6750-4A08-A5C1-B650E5A9F654}.Debug|Any CPU.Build.0 = Debug|Any CPU
		{94FBA598-6750-4A08-A5C1-B650E5A9F654}.Release|Any CPU.ActiveCfg = Release|Any CPU
		{94FBA598-6750-4A08-A5C1-B650E5A9F654}.Release|Any CPU.Build.0 = Release|Any CPU
	EndGlobalSection
EndGlobal
